// !$*UTF8*$!
{
	archiveVersion = 1;
	classes = {
	};
	objectVersion = 46;
	objects = {

/* Begin PBXBuildFile section */
		13DC0ED81CD46BE900C6A8EC /* AppDelegate.swift in Sources */ = {isa = PBXBuildFile; fileRef = 13DC0ED71CD46BE900C6A8EC /* AppDelegate.swift */; };
		13DC0EDA1CD46BE900C6A8EC /* ViewController.swift in Sources */ = {isa = PBXBuildFile; fileRef = 13DC0ED91CD46BE900C6A8EC /* ViewController.swift */; };
		13DC0EDD1CD46BE900C6A8EC /* Main.storyboard in Resources */ = {isa = PBXBuildFile; fileRef = 13DC0EDB1CD46BE900C6A8EC /* Main.storyboard */; };
		13DC0EDF1CD46BE900C6A8EC /* Assets.xcassets in Resources */ = {isa = PBXBuildFile; fileRef = 13DC0EDE1CD46BE900C6A8EC /* Assets.xcassets */; };
		13DC0EE21CD46BE900C6A8EC /* LaunchScreen.storyboard in Resources */ = {isa = PBXBuildFile; fileRef = 13DC0EE01CD46BE900C6A8EC /* LaunchScreen.storyboard */; };
		31A54A781CE451D4001F57F6 /* NetworkManager.swift in Sources */ = {isa = PBXBuildFile; fileRef = 31A54A771CE451D4001F57F6 /* NetworkManager.swift */; };
		31AA3AD11CE5D2E1005D86C4 /* AFHTTPSessionManager.m in Sources */ = {isa = PBXBuildFile; fileRef = 31AA3AC61CE5D2E1005D86C4 /* AFHTTPSessionManager.m */; };
		31AA3AD21CE5D2E1005D86C4 /* AFNetworkReachabilityManager.m in Sources */ = {isa = PBXBuildFile; fileRef = 31AA3AC81CE5D2E1005D86C4 /* AFNetworkReachabilityManager.m */; };
		31AA3AD31CE5D2E1005D86C4 /* AFSecurityPolicy.m in Sources */ = {isa = PBXBuildFile; fileRef = 31AA3ACA1CE5D2E1005D86C4 /* AFSecurityPolicy.m */; };
		31AA3AD41CE5D2E1005D86C4 /* AFURLRequestSerialization.m in Sources */ = {isa = PBXBuildFile; fileRef = 31AA3ACC1CE5D2E1005D86C4 /* AFURLRequestSerialization.m */; };
		31AA3AD51CE5D2E1005D86C4 /* AFURLResponseSerialization.m in Sources */ = {isa = PBXBuildFile; fileRef = 31AA3ACE1CE5D2E1005D86C4 /* AFURLResponseSerialization.m */; };
		31AA3AD61CE5D2E1005D86C4 /* AFURLSessionManager.m in Sources */ = {isa = PBXBuildFile; fileRef = 31AA3AD01CE5D2E1005D86C4 /* AFURLSessionManager.m */; };
		31AA3ADF1CE5D3F0005D86C4 /* AFHTTPRequestOperationManager+AutoRetry.m in Sources */ = {isa = PBXBuildFile; fileRef = 31AA3AD81CE5D3F0005D86C4 /* AFHTTPRequestOperationManager+AutoRetry.m */; };
		31AA3AE01CE5D3F0005D86C4 /* AFHTTPSessionManager+AutoRetry.m in Sources */ = {isa = PBXBuildFile; fileRef = 31AA3ADA1CE5D3F0005D86C4 /* AFHTTPSessionManager+AutoRetry.m */; };
		31AA3AE11CE5D3F0005D86C4 /* NSObject+AssociatedDictionary.m in Sources */ = {isa = PBXBuildFile; fileRef = 31AA3ADC1CE5D3F0005D86C4 /* NSObject+AssociatedDictionary.m */; };
		31AA3AE21CE5D3F0005D86C4 /* ObjcAssociatedObjectHelpers.m in Sources */ = {isa = PBXBuildFile; fileRef = 31AA3ADE1CE5D3F0005D86C4 /* ObjcAssociatedObjectHelpers.m */; };
		31AA3AE51CE5D443005D86C4 /* AFHTTPRequestOperationManager.m in Sources */ = {isa = PBXBuildFile; fileRef = 31AA3AE41CE5D443005D86C4 /* AFHTTPRequestOperationManager.m */; };
		31AA3AE81CE5D456005D86C4 /* AFHTTPRequestOperation.m in Sources */ = {isa = PBXBuildFile; fileRef = 31AA3AE71CE5D456005D86C4 /* AFHTTPRequestOperation.m */; };
		31AA3AEB1CE5D466005D86C4 /* AFURLConnectionOperation.m in Sources */ = {isa = PBXBuildFile; fileRef = 31AA3AEA1CE5D466005D86C4 /* AFURLConnectionOperation.m */; };
		F9F98901A7D2D08419C5F17B /* libPods-APIManager.a in Frameworks */ = {isa = PBXBuildFile; fileRef = 525C4D5D511D49CDCA7A62F3 /* libPods-APIManager.a */; };
/* End PBXBuildFile section */

/* Begin PBXFileReference section */
		13DC0ED41CD46BE900C6A8EC /* APIManager.app */ = {isa = PBXFileReference; explicitFileType = wrapper.application; includeInIndex = 0; path = APIManager.app; sourceTree = BUILT_PRODUCTS_DIR; };
		13DC0ED71CD46BE900C6A8EC /* AppDelegate.swift */ = {isa = PBXFileReference; lastKnownFileType = sourcecode.swift; path = AppDelegate.swift; sourceTree = "<group>"; };
		13DC0ED91CD46BE900C6A8EC /* ViewController.swift */ = {isa = PBXFileReference; lastKnownFileType = sourcecode.swift; path = ViewController.swift; sourceTree = "<group>"; };
		13DC0EDC1CD46BE900C6A8EC /* Base */ = {isa = PBXFileReference; lastKnownFileType = file.storyboard; name = Base; path = Base.lproj/Main.storyboard; sourceTree = "<group>"; };
		13DC0EDE1CD46BE900C6A8EC /* Assets.xcassets */ = {isa = PBXFileReference; lastKnownFileType = folder.assetcatalog; path = Assets.xcassets; sourceTree = "<group>"; };
		13DC0EE11CD46BE900C6A8EC /* Base */ = {isa = PBXFileReference; lastKnownFileType = file.storyboard; name = Base; path = Base.lproj/LaunchScreen.storyboard; sourceTree = "<group>"; };
		13DC0EE31CD46BE900C6A8EC /* Info.plist */ = {isa = PBXFileReference; lastKnownFileType = text.plist.xml; path = Info.plist; sourceTree = "<group>"; };
		13DC0EEB1CD4750900C6A8EC /* APIManager-Bridging-Header.h */ = {isa = PBXFileReference; lastKnownFileType = sourcecode.c.h; path = "APIManager-Bridging-Header.h"; sourceTree = "<group>"; };
		16CB4389D69AB7BE8C476C57 /* Pods-APIManager.debug.xcconfig */ = {isa = PBXFileReference; includeInIndex = 1; lastKnownFileType = text.xcconfig; name = "Pods-APIManager.debug.xcconfig"; path = "Pods/Target Support Files/Pods-APIManager/Pods-APIManager.debug.xcconfig"; sourceTree = "<group>"; };
		1FEE37456BEFA8F193A39801 /* Pods-APIManager.release.xcconfig */ = {isa = PBXFileReference; includeInIndex = 1; lastKnownFileType = text.xcconfig; name = "Pods-APIManager.release.xcconfig"; path = "Pods/Target Support Files/Pods-APIManager/Pods-APIManager.release.xcconfig"; sourceTree = "<group>"; };
		31A54A771CE451D4001F57F6 /* NetworkManager.swift */ = {isa = PBXFileReference; fileEncoding = 4; lastKnownFileType = sourcecode.swift; path = NetworkManager.swift; sourceTree = "<group>"; };
		31AA3AC51CE5D2E1005D86C4 /* AFHTTPSessionManager.h */ = {isa = PBXFileReference; fileEncoding = 4; lastKnownFileType = sourcecode.c.h; path = AFHTTPSessionManager.h; sourceTree = "<group>"; };
		31AA3AC61CE5D2E1005D86C4 /* AFHTTPSessionManager.m */ = {isa = PBXFileReference; fileEncoding = 4; lastKnownFileType = sourcecode.c.objc; path = AFHTTPSessionManager.m; sourceTree = "<group>"; };
		31AA3AC71CE5D2E1005D86C4 /* AFNetworkReachabilityManager.h */ = {isa = PBXFileReference; fileEncoding = 4; lastKnownFileType = sourcecode.c.h; path = AFNetworkReachabilityManager.h; sourceTree = "<group>"; };
		31AA3AC81CE5D2E1005D86C4 /* AFNetworkReachabilityManager.m */ = {isa = PBXFileReference; fileEncoding = 4; lastKnownFileType = sourcecode.c.objc; path = AFNetworkReachabilityManager.m; sourceTree = "<group>"; };
		31AA3AC91CE5D2E1005D86C4 /* AFSecurityPolicy.h */ = {isa = PBXFileReference; fileEncoding = 4; lastKnownFileType = sourcecode.c.h; path = AFSecurityPolicy.h; sourceTree = "<group>"; };
		31AA3ACA1CE5D2E1005D86C4 /* AFSecurityPolicy.m */ = {isa = PBXFileReference; fileEncoding = 4; lastKnownFileType = sourcecode.c.objc; path = AFSecurityPolicy.m; sourceTree = "<group>"; };
		31AA3ACB1CE5D2E1005D86C4 /* AFURLRequestSerialization.h */ = {isa = PBXFileReference; fileEncoding = 4; lastKnownFileType = sourcecode.c.h; path = AFURLRequestSerialization.h; sourceTree = "<group>"; };
		31AA3ACC1CE5D2E1005D86C4 /* AFURLRequestSerialization.m */ = {isa = PBXFileReference; fileEncoding = 4; lastKnownFileType = sourcecode.c.objc; path = AFURLRequestSerialization.m; sourceTree = "<group>"; };
		31AA3ACD1CE5D2E1005D86C4 /* AFURLResponseSerialization.h */ = {isa = PBXFileReference; fileEncoding = 4; lastKnownFileType = sourcecode.c.h; path = AFURLResponseSerialization.h; sourceTree = "<group>"; };
		31AA3ACE1CE5D2E1005D86C4 /* AFURLResponseSerialization.m */ = {isa = PBXFileReference; fileEncoding = 4; lastKnownFileType = sourcecode.c.objc; path = AFURLResponseSerialization.m; sourceTree = "<group>"; };
		31AA3ACF1CE5D2E1005D86C4 /* AFURLSessionManager.h */ = {isa = PBXFileReference; fileEncoding = 4; lastKnownFileType = sourcecode.c.h; path = AFURLSessionManager.h; sourceTree = "<group>"; };
		31AA3AD01CE5D2E1005D86C4 /* AFURLSessionManager.m */ = {isa = PBXFileReference; fileEncoding = 4; lastKnownFileType = sourcecode.c.objc; path = AFURLSessionManager.m; sourceTree = "<group>"; };
		31AA3AD71CE5D3F0005D86C4 /* AFHTTPRequestOperationManager+AutoRetry.h */ = {isa = PBXFileReference; fileEncoding = 4; lastKnownFileType = sourcecode.c.h; path = "AFHTTPRequestOperationManager+AutoRetry.h"; sourceTree = "<group>"; };
		31AA3AD81CE5D3F0005D86C4 /* AFHTTPRequestOperationManager+AutoRetry.m */ = {isa = PBXFileReference; fileEncoding = 4; lastKnownFileType = sourcecode.c.objc; path = "AFHTTPRequestOperationManager+AutoRetry.m"; sourceTree = "<group>"; };
		31AA3AD91CE5D3F0005D86C4 /* AFHTTPSessionManager+AutoRetry.h */ = {isa = PBXFileReference; fileEncoding = 4; lastKnownFileType = sourcecode.c.h; path = "AFHTTPSessionManager+AutoRetry.h"; sourceTree = "<group>"; };
		31AA3ADA1CE5D3F0005D86C4 /* AFHTTPSessionManager+AutoRetry.m */ = {isa = PBXFileReference; fileEncoding = 4; lastKnownFileType = sourcecode.c.objc; path = "AFHTTPSessionManager+AutoRetry.m"; sourceTree = "<group>"; };
		31AA3ADB1CE5D3F0005D86C4 /* NSObject+AssociatedDictionary.h */ = {isa = PBXFileReference; fileEncoding = 4; lastKnownFileType = sourcecode.c.h; path = "NSObject+AssociatedDictionary.h"; sourceTree = "<group>"; };
		31AA3ADC1CE5D3F0005D86C4 /* NSObject+AssociatedDictionary.m */ = {isa = PBXFileReference; fileEncoding = 4; lastKnownFileType = sourcecode.c.objc; path = "NSObject+AssociatedDictionary.m"; sourceTree = "<group>"; };
		31AA3ADD1CE5D3F0005D86C4 /* ObjcAssociatedObjectHelpers.h */ = {isa = PBXFileReference; fileEncoding = 4; lastKnownFileType = sourcecode.c.h; path = ObjcAssociatedObjectHelpers.h; sourceTree = "<group>"; };
		31AA3ADE1CE5D3F0005D86C4 /* ObjcAssociatedObjectHelpers.m */ = {isa = PBXFileReference; fileEncoding = 4; lastKnownFileType = sourcecode.c.objc; path = ObjcAssociatedObjectHelpers.m; sourceTree = "<group>"; };
		31AA3AE31CE5D443005D86C4 /* AFHTTPRequestOperationManager.h */ = {isa = PBXFileReference; fileEncoding = 4; lastKnownFileType = sourcecode.c.h; path = AFHTTPRequestOperationManager.h; sourceTree = "<group>"; };
		31AA3AE41CE5D443005D86C4 /* AFHTTPRequestOperationManager.m */ = {isa = PBXFileReference; fileEncoding = 4; lastKnownFileType = sourcecode.c.objc; path = AFHTTPRequestOperationManager.m; sourceTree = "<group>"; };
		31AA3AE61CE5D456005D86C4 /* AFHTTPRequestOperation.h */ = {isa = PBXFileReference; fileEncoding = 4; lastKnownFileType = sourcecode.c.h; path = AFHTTPRequestOperation.h; sourceTree = "<group>"; };
		31AA3AE71CE5D456005D86C4 /* AFHTTPRequestOperation.m */ = {isa = PBXFileReference; fileEncoding = 4; lastKnownFileType = sourcecode.c.objc; path = AFHTTPRequestOperation.m; sourceTree = "<group>"; };
		31AA3AE91CE5D466005D86C4 /* AFURLConnectionOperation.h */ = {isa = PBXFileReference; fileEncoding = 4; lastKnownFileType = sourcecode.c.h; path = AFURLConnectionOperation.h; sourceTree = "<group>"; };
		31AA3AEA1CE5D466005D86C4 /* AFURLConnectionOperation.m */ = {isa = PBXFileReference; fileEncoding = 4; lastKnownFileType = sourcecode.c.objc; path = AFURLConnectionOperation.m; sourceTree = "<group>"; };
		525C4D5D511D49CDCA7A62F3 /* libPods-APIManager.a */ = {isa = PBXFileReference; explicitFileType = archive.ar; includeInIndex = 0; path = "libPods-APIManager.a"; sourceTree = BUILT_PRODUCTS_DIR; };
/* End PBXFileReference section */

/* Begin PBXFrameworksBuildPhase section */
		13DC0ED11CD46BE900C6A8EC /* Frameworks */ = {
			isa = PBXFrameworksBuildPhase;
			buildActionMask = 2147483647;
			files = (
				F9F98901A7D2D08419C5F17B /* libPods-APIManager.a in Frameworks */,
			);
			runOnlyForDeploymentPostprocessing = 0;
		};
/* End PBXFrameworksBuildPhase section */

/* Begin PBXGroup section */
		13DC0ECB1CD46BE900C6A8EC = {
			isa = PBXGroup;
			children = (
				13DC0ED61CD46BE900C6A8EC /* APIManager */,
				13DC0ED51CD46BE900C6A8EC /* Products */,
				470465CC25830509B27E6D73 /* Pods */,
				D88A479DDDDEFFB547929A10 /* Frameworks */,
			);
			sourceTree = "<group>";
		};
		13DC0ED51CD46BE900C6A8EC /* Products */ = {
			isa = PBXGroup;
			children = (
				13DC0ED41CD46BE900C6A8EC /* APIManager.app */,
			);
			name = Products;
			sourceTree = "<group>";
		};
		13DC0ED61CD46BE900C6A8EC /* APIManager */ = {
			isa = PBXGroup;
			children = (
				31A54A761CE451D4001F57F6 /* NetworkManager */,
				13DC0ED71CD46BE900C6A8EC /* AppDelegate.swift */,
				13DC0ED91CD46BE900C6A8EC /* ViewController.swift */,
				13DC0EDB1CD46BE900C6A8EC /* Main.storyboard */,
				13DC0EDE1CD46BE900C6A8EC /* Assets.xcassets */,
				13DC0EE01CD46BE900C6A8EC /* LaunchScreen.storyboard */,
				13DC0EE31CD46BE900C6A8EC /* Info.plist */,
				13DC0EEB1CD4750900C6A8EC /* APIManager-Bridging-Header.h */,
				31AA3AC41CE5D2D8005D86C4 /* AFNetworking */,
			);
			path = APIManager;
			sourceTree = "<group>";
		};
		31A54A761CE451D4001F57F6 /* NetworkManager */ = {
			isa = PBXGroup;
			children = (
				31A54A771CE451D4001F57F6 /* NetworkManager.swift */,
			);
			path = NetworkManager;
			sourceTree = SOURCE_ROOT;
		};
		31AA3AC41CE5D2D8005D86C4 /* AFNetworking */ = {
			isa = PBXGroup;
			children = (
				31AA3AC51CE5D2E1005D86C4 /* AFHTTPSessionManager.h */,
				31AA3AC61CE5D2E1005D86C4 /* AFHTTPSessionManager.m */,
				31AA3AC71CE5D2E1005D86C4 /* AFNetworkReachabilityManager.h */,
				31AA3AC81CE5D2E1005D86C4 /* AFNetworkReachabilityManager.m */,
				31AA3AC91CE5D2E1005D86C4 /* AFSecurityPolicy.h */,
				31AA3ACA1CE5D2E1005D86C4 /* AFSecurityPolicy.m */,
				31AA3ACB1CE5D2E1005D86C4 /* AFURLRequestSerialization.h */,
				31AA3ACC1CE5D2E1005D86C4 /* AFURLRequestSerialization.m */,
				31AA3ACD1CE5D2E1005D86C4 /* AFURLResponseSerialization.h */,
				31AA3ACE1CE5D2E1005D86C4 /* AFURLResponseSerialization.m */,
				31AA3ACF1CE5D2E1005D86C4 /* AFURLSessionManager.h */,
				31AA3AD01CE5D2E1005D86C4 /* AFURLSessionManager.m */,
				31AA3AE31CE5D443005D86C4 /* AFHTTPRequestOperationManager.h */,
				31AA3AE41CE5D443005D86C4 /* AFHTTPRequestOperationManager.m */,
				31AA3AE61CE5D456005D86C4 /* AFHTTPRequestOperation.h */,
				31AA3AE71CE5D456005D86C4 /* AFHTTPRequestOperation.m */,
				31AA3AE91CE5D466005D86C4 /* AFURLConnectionOperation.h */,
				31AA3AEA1CE5D466005D86C4 /* AFURLConnectionOperation.m */,
				31AA3AD71CE5D3F0005D86C4 /* AFHTTPRequestOperationManager+AutoRetry.h */,
				31AA3AD81CE5D3F0005D86C4 /* AFHTTPRequestOperationManager+AutoRetry.m */,
				31AA3AD91CE5D3F0005D86C4 /* AFHTTPSessionManager+AutoRetry.h */,
				31AA3ADA1CE5D3F0005D86C4 /* AFHTTPSessionManager+AutoRetry.m */,
				31AA3ADB1CE5D3F0005D86C4 /* NSObject+AssociatedDictionary.h */,
				31AA3ADC1CE5D3F0005D86C4 /* NSObject+AssociatedDictionary.m */,
				31AA3ADD1CE5D3F0005D86C4 /* ObjcAssociatedObjectHelpers.h */,
				31AA3ADE1CE5D3F0005D86C4 /* ObjcAssociatedObjectHelpers.m */,
			);
			name = AFNetworking;
			sourceTree = "<group>";
		};
		470465CC25830509B27E6D73 /* Pods */ = {
			isa = PBXGroup;
			children = (
				16CB4389D69AB7BE8C476C57 /* Pods-APIManager.debug.xcconfig */,
				1FEE37456BEFA8F193A39801 /* Pods-APIManager.release.xcconfig */,
			);
			name = Pods;
			sourceTree = "<group>";
		};
		D88A479DDDDEFFB547929A10 /* Frameworks */ = {
			isa = PBXGroup;
			children = (
				525C4D5D511D49CDCA7A62F3 /* libPods-APIManager.a */,
			);
			name = Frameworks;
			sourceTree = "<group>";
		};
/* End PBXGroup section */

/* Begin PBXNativeTarget section */
		13DC0ED31CD46BE900C6A8EC /* APIManager */ = {
			isa = PBXNativeTarget;
			buildConfigurationList = 13DC0EE61CD46BE900C6A8EC /* Build configuration list for PBXNativeTarget "APIManager" */;
			buildPhases = (
				C3826D5F09CB708574C9307C /* Check Pods Manifest.lock */,
				13DC0ED01CD46BE900C6A8EC /* Sources */,
				13DC0ED11CD46BE900C6A8EC /* Frameworks */,
				13DC0ED21CD46BE900C6A8EC /* Resources */,
				1B6C7E75C352F9657A34B5F5 /* Embed Pods Frameworks */,
				A3949AF03E9658B531B4953F /* Copy Pods Resources */,
			);
			buildRules = (
			);
			dependencies = (
			);
			name = APIManager;
			productName = APIManager;
			productReference = 13DC0ED41CD46BE900C6A8EC /* APIManager.app */;
			productType = "com.apple.product-type.application";
		};
/* End PBXNativeTarget section */

/* Begin PBXProject section */
		13DC0ECC1CD46BE900C6A8EC /* Project object */ = {
			isa = PBXProject;
			attributes = {
				LastSwiftUpdateCheck = 0720;
				LastUpgradeCheck = 0720;
				ORGANIZATIONNAME = SHEETAL;
				TargetAttributes = {
					13DC0ED31CD46BE900C6A8EC = {
						CreatedOnToolsVersion = 7.2;
					};
				};
			};
			buildConfigurationList = 13DC0ECF1CD46BE900C6A8EC /* Build configuration list for PBXProject "APIManager" */;
			compatibilityVersion = "Xcode 3.2";
			developmentRegion = English;
			hasScannedForEncodings = 0;
			knownRegions = (
				en,
				Base,
			);
			mainGroup = 13DC0ECB1CD46BE900C6A8EC;
			productRefGroup = 13DC0ED51CD46BE900C6A8EC /* Products */;
			projectDirPath = "";
			projectRoot = "";
			targets = (
				13DC0ED31CD46BE900C6A8EC /* APIManager */,
			);
		};
/* End PBXProject section */

/* Begin PBXResourcesBuildPhase section */
		13DC0ED21CD46BE900C6A8EC /* Resources */ = {
			isa = PBXResourcesBuildPhase;
			buildActionMask = 2147483647;
			files = (
				13DC0EE21CD46BE900C6A8EC /* LaunchScreen.storyboard in Resources */,
				13DC0EDF1CD46BE900C6A8EC /* Assets.xcassets in Resources */,
				13DC0EDD1CD46BE900C6A8EC /* Main.storyboard in Resources */,
			);
			runOnlyForDeploymentPostprocessing = 0;
		};
/* End PBXResourcesBuildPhase section */

/* Begin PBXShellScriptBuildPhase section */
		1B6C7E75C352F9657A34B5F5 /* Embed Pods Frameworks */ = {
			isa = PBXShellScriptBuildPhase;
			buildActionMask = 2147483647;
			files = (
			);
			inputPaths = (
			);
			name = "Embed Pods Frameworks";
			outputPaths = (
			);
			runOnlyForDeploymentPostprocessing = 0;
			shellPath = /bin/sh;
			shellScript = "\"${SRCROOT}/Pods/Target Support Files/Pods-APIManager/Pods-APIManager-frameworks.sh\"\n";
			showEnvVarsInLog = 0;
		};
		A3949AF03E9658B531B4953F /* Copy Pods Resources */ = {
			isa = PBXShellScriptBuildPhase;
			buildActionMask = 2147483647;
			files = (
			);
			inputPaths = (
			);
			name = "Copy Pods Resources";
			outputPaths = (
			);
			runOnlyForDeploymentPostprocessing = 0;
			shellPath = /bin/sh;
			shellScript = "\"${SRCROOT}/Pods/Target Support Files/Pods-APIManager/Pods-APIManager-resources.sh\"\n";
			showEnvVarsInLog = 0;
		};
		C3826D5F09CB708574C9307C /* Check Pods Manifest.lock */ = {
			isa = PBXShellScriptBuildPhase;
			buildActionMask = 2147483647;
			files = (
			);
			inputPaths = (
			);
			name = "Check Pods Manifest.lock";
			outputPaths = (
			);
			runOnlyForDeploymentPostprocessing = 0;
			shellPath = /bin/sh;
			shellScript = "diff \"${PODS_ROOT}/../Podfile.lock\" \"${PODS_ROOT}/Manifest.lock\" > /dev/null\nif [[ $? != 0 ]] ; then\n    cat << EOM\nerror: The sandbox is not in sync with the Podfile.lock. Run 'pod install' or update your CocoaPods installation.\nEOM\n    exit 1\nfi\n";
			showEnvVarsInLog = 0;
		};
/* End PBXShellScriptBuildPhase section */

/* Begin PBXSourcesBuildPhase section */
		13DC0ED01CD46BE900C6A8EC /* Sources */ = {
			isa = PBXSourcesBuildPhase;
			buildActionMask = 2147483647;
			files = (
				31AA3AEB1CE5D466005D86C4 /* AFURLConnectionOperation.m in Sources */,
				31AA3AD21CE5D2E1005D86C4 /* AFNetworkReachabilityManager.m in Sources */,
				31A54A781CE451D4001F57F6 /* NetworkManager.swift in Sources */,
				31AA3AD31CE5D2E1005D86C4 /* AFSecurityPolicy.m in Sources */,
				31AA3AE11CE5D3F0005D86C4 /* NSObject+AssociatedDictionary.m in Sources */,
				31AA3AE51CE5D443005D86C4 /* AFHTTPRequestOperationManager.m in Sources */,
				31AA3AE01CE5D3F0005D86C4 /* AFHTTPSessionManager+AutoRetry.m in Sources */,
				31AA3AD41CE5D2E1005D86C4 /* AFURLRequestSerialization.m in Sources */,
				31AA3ADF1CE5D3F0005D86C4 /* AFHTTPRequestOperationManager+AutoRetry.m in Sources */,
				13DC0EDA1CD46BE900C6A8EC /* ViewController.swift in Sources */,
				13DC0ED81CD46BE900C6A8EC /* AppDelegate.swift in Sources */,
				31AA3AE21CE5D3F0005D86C4 /* ObjcAssociatedObjectHelpers.m in Sources */,
				31AA3AD51CE5D2E1005D86C4 /* AFURLResponseSerialization.m in Sources */,
				31AA3AE81CE5D456005D86C4 /* AFHTTPRequestOperation.m in Sources */,
				31AA3AD61CE5D2E1005D86C4 /* AFURLSessionManager.m in Sources */,
				31AA3AD11CE5D2E1005D86C4 /* AFHTTPSessionManager.m in Sources */,
			);
			runOnlyForDeploymentPostprocessing = 0;
		};
/* End PBXSourcesBuildPhase section */

/* Begin PBXVariantGroup section */
		13DC0EDB1CD46BE900C6A8EC /* Main.storyboard */ = {
			isa = PBXVariantGroup;
			children = (
				13DC0EDC1CD46BE900C6A8EC /* Base */,
			);
			name = Main.storyboard;
			sourceTree = "<group>";
		};
		13DC0EE01CD46BE900C6A8EC /* LaunchScreen.storyboard */ = {
			isa = PBXVariantGroup;
			children = (
				13DC0EE11CD46BE900C6A8EC /* Base */,
			);
			name = LaunchScreen.storyboard;
			sourceTree = "<group>";
		};
/* End PBXVariantGroup section */

/* Begin XCBuildConfiguration section */
		13DC0EE41CD46BE900C6A8EC /* Debug */ = {
			isa = XCBuildConfiguration;
			buildSettings = {
				ALWAYS_SEARCH_USER_PATHS = NO;
				CLANG_CXX_LANGUAGE_STANDARD = "gnu++0x";
				CLANG_CXX_LIBRARY = "libc++";
				CLANG_ENABLE_MODULES = YES;
				CLANG_ENABLE_OBJC_ARC = YES;
				CLANG_WARN_BOOL_CONVERSION = YES;
				CLANG_WARN_CONSTANT_CONVERSION = YES;
				CLANG_WARN_DIRECT_OBJC_ISA_USAGE = YES_ERROR;
				CLANG_WARN_EMPTY_BODY = YES;
				CLANG_WARN_ENUM_CONVERSION = YES;
				CLANG_WARN_INT_CONVERSION = YES;
				CLANG_WARN_OBJC_ROOT_CLASS = YES_ERROR;
				CLANG_WARN_UNREACHABLE_CODE = YES;
				CLANG_WARN__DUPLICATE_METHOD_MATCH = YES;
				"CODE_SIGN_IDENTITY[sdk=iphoneos*]" = "iPhone Developer";
				COPY_PHASE_STRIP = NO;
				DEBUG_INFORMATION_FORMAT = dwarf;
				ENABLE_STRICT_OBJC_MSGSEND = YES;
				ENABLE_TESTABILITY = YES;
				GCC_C_LANGUAGE_STANDARD = gnu99;
				GCC_DYNAMIC_NO_PIC = NO;
				GCC_NO_COMMON_BLOCKS = YES;
				GCC_OPTIMIZATION_LEVEL = 0;
				GCC_PREPROCESSOR_DEFINITIONS = (
					"DEBUG=1",
					"$(inherited)",
				);
				GCC_WARN_64_TO_32_BIT_CONVERSION = YES;
				GCC_WARN_ABOUT_RETURN_TYPE = YES_ERROR;
				GCC_WARN_UNDECLARED_SELECTOR = YES;
				GCC_WARN_UNINITIALIZED_AUTOS = YES_AGGRESSIVE;
				GCC_WARN_UNUSED_FUNCTION = YES;
				GCC_WARN_UNUSED_VARIABLE = YES;
				IPHONEOS_DEPLOYMENT_TARGET = 9.2;
				MTL_ENABLE_DEBUG_INFO = YES;
				ONLY_ACTIVE_ARCH = YES;
				SDKROOT = iphoneos;
				SWIFT_OPTIMIZATION_LEVEL = "-Onone";
			};
			name = Debug;
		};
		13DC0EE51CD46BE900C6A8EC /* Release */ = {
			isa = XCBuildConfiguration;
			buildSettings = {
				ALWAYS_SEARCH_USER_PATHS = NO;
				CLANG_CXX_LANGUAGE_STANDARD = "gnu++0x";
				CLANG_CXX_LIBRARY = "libc++";
				CLANG_ENABLE_MODULES = YES;
				CLANG_ENABLE_OBJC_ARC = YES;
				CLANG_WARN_BOOL_CONVERSION = YES;
				CLANG_WARN_CONSTANT_CONVERSION = YES;
				CLANG_WARN_DIRECT_OBJC_ISA_USAGE = YES_ERROR;
				CLANG_WARN_EMPTY_BODY = YES;
				CLANG_WARN_ENUM_CONVERSION = YES;
				CLANG_WARN_INT_CONVERSION = YES;
				CLANG_WARN_OBJC_ROOT_CLASS = YES_ERROR;
				CLANG_WARN_UNREACHABLE_CODE = YES;
				CLANG_WARN__DUPLICATE_METHOD_MATCH = YES;
				"CODE_SIGN_IDENTITY[sdk=iphoneos*]" = "iPhone Developer";
				COPY_PHASE_STRIP = NO;
				DEBUG_INFORMATION_FORMAT = "dwarf-with-dsym";
				ENABLE_NS_ASSERTIONS = NO;
				ENABLE_STRICT_OBJC_MSGSEND = YES;
				GCC_C_LANGUAGE_STANDARD = gnu99;
				GCC_NO_COMMON_BLOCKS = YES;
				GCC_WARN_64_TO_32_BIT_CONVERSION = YES;
				GCC_WARN_ABOUT_RETURN_TYPE = YES_ERROR;
				GCC_WARN_UNDECLARED_SELECTOR = YES;
				GCC_WARN_UNINITIALIZED_AUTOS = YES_AGGRESSIVE;
				GCC_WARN_UNUSED_FUNCTION = YES;
				GCC_WARN_UNUSED_VARIABLE = YES;
				IPHONEOS_DEPLOYMENT_TARGET = 9.2;
				MTL_ENABLE_DEBUG_INFO = NO;
				SDKROOT = iphoneos;
				VALIDATE_PRODUCT = YES;
			};
			name = Release;
		};
		13DC0EE71CD46BE900C6A8EC /* Debug */ = {
			isa = XCBuildConfiguration;
			baseConfigurationReference = 16CB4389D69AB7BE8C476C57 /* Pods-APIManager.debug.xcconfig */;
			buildSettings = {
				ASSETCATALOG_COMPILER_APPICON_NAME = AppIcon;
				CLANG_ENABLE_MODULES = YES;
				INFOPLIST_FILE = APIManager/Info.plist;
				LD_RUNPATH_SEARCH_PATHS = "$(inherited) @executable_path/Frameworks";
				PRODUCT_BUNDLE_IDENTIFIER = CGT.APIManager;
				PRODUCT_NAME = "$(TARGET_NAME)";
				SWIFT_OBJC_BRIDGING_HEADER = "APIManager/APIManager-Bridging-Header.h";
				SWIFT_OPTIMIZATION_LEVEL = "-Onone";
			};
			name = Debug;
		};
		13DC0EE81CD46BE900C6A8EC /* Release */ = {
			isa = XCBuildConfiguration;
			baseConfigurationReference = 1FEE37456BEFA8F193A39801 /* Pods-APIManager.release.xcconfig */;
			buildSettings = {
				ASSETCATALOG_COMPILER_APPICON_NAME = AppIcon;
				CLANG_ENABLE_MODULES = YES;
				INFOPLIST_FILE = APIManager/Info.plist;
				LD_RUNPATH_SEARCH_PATHS = "$(inherited) @executable_path/Frameworks";
				PRODUCT_BUNDLE_IDENTIFIER = CGT.APIManager;
				PRODUCT_NAME = "$(TARGET_NAME)";
				SWIFT_OBJC_BRIDGING_HEADER = "APIManager/APIManager-Bridging-Header.h";
			};
			name = Release;
		};
/* End XCBuildConfiguration section */

/* Begin XCConfigurationList section */
		13DC0ECF1CD46BE900C6A8EC /* Build configuration list for PBXProject "APIManager" */ = {
			isa = XCConfigurationList;
			buildConfigurations = (
				13DC0EE41CD46BE900C6A8EC /* Debug */,
				13DC0EE51CD46BE900C6A8EC /* Release */,
			);
			defaultConfigurationIsVisible = 0;
			defaultConfigurationName = Release;
		};
		13DC0EE61CD46BE900C6A8EC /* Build configuration list for PBXNativeTarget "APIManager" */ = {
			isa = XCConfigurationList;
			buildConfigurations = (
				13DC0EE71CD46BE900C6A8EC /* Debug */,
				13DC0EE81CD46BE900C6A8EC /* Release */,
			);
			defaultConfigurationIsVisible = 0;
			defaultConfigurationName = Release;
		};
/* End XCConfigurationList section */
	};
	rootObject = 13DC0ECC1CD46BE900C6A8EC /* Project object */;
}
