// !$*UTF8*$!
{
	archiveVersion = 1;
	classes = {
	};
	objectVersion = 46;
	objects = {

/* Begin PBXBuildFile section */
		13DC0ED81CD46BE900C6A8EC /* AppDelegate.swift in Sources */ = {isa = PBXBuildFile; fileRef = 13DC0ED71CD46BE900C6A8EC /* AppDelegate.swift */; };
		13DC0EDA1CD46BE900C6A8EC /* ViewController.swift in Sources */ = {isa = PBXBuildFile; fileRef = 13DC0ED91CD46BE900C6A8EC /* ViewController.swift */; };
		13DC0EDD1CD46BE900C6A8EC /* Main.storyboard in Resources */ = {isa = PBXBuildFile; fileRef = 13DC0EDB1CD46BE900C6A8EC /* Main.storyboard */; };
		13DC0EDF1CD46BE900C6A8EC /* Assets.xcassets in Resources */ = {isa = PBXBuildFile; fileRef = 13DC0EDE1CD46BE900C6A8EC /* Assets.xcassets */; };
		13DC0EE21CD46BE900C6A8EC /* LaunchScreen.storyboard in Resources */ = {isa = PBXBuildFile; fileRef = 13DC0EE01CD46BE900C6A8EC /* LaunchScreen.storyboard */; };
/* End PBXBuildFile section */

/* Begin PBXFileReference section */
		13DC0ED41CD46BE900C6A8EC /* APIManager.app */ = {isa = PBXFileReference; explicitFileType = wrapper.application; includeInIndex = 0; path = APIManager.app; sourceTree = BUILT_PRODUCTS_DIR; };
		13DC0ED71CD46BE900C6A8EC /* AppDelegate.swift */ = {isa = PBXFileReference; lastKnownFileType = sourcecode.swift; path = AppDelegate.swift; sourceTree = "<group>"; };
		13DC0ED91CD46BE900C6A8EC /* ViewController.swift */ = {isa = PBXFileReference; lastKnownFileType = sourcecode.swift; path = ViewController.swift; sourceTree = "<group>"; };
		13DC0EDC1CD46BE900C6A8EC /* Base */ = {isa = PBXFileReference; lastKnownFileType = file.storyboard; name = Base; path = Base.lproj/Main.storyboard; sourceTree = "<group>"; };
		13DC0EDE1CD46BE900C6A8EC /* Assets.xcassets */ = {isa = PBXFileReference; lastKnownFileType = folder.assetcatalog; path = Assets.xcassets; sourceTree = "<group>"; };
		13DC0EE11CD46BE900C6A8EC /* Base */ = {isa = PBXFileReference; lastKnownFileType = file.storyboard; name = Base; path = Base.lproj/LaunchScreen.storyboard; sourceTree = "<group>"; };
		13DC0EE31CD46BE900C6A8EC /* Info.plist */ = {isa = PBXFileReference; lastKnownFileType = text.plist.xml; path = Info.plist; sourceTree = "<group>"; };
/* End PBXFileReference section */

/* Begin PBXFrameworksBuildPhase section */
		13DC0ED11CD46BE900C6A8EC /* Frameworks */ = {
			isa = PBXFrameworksBuildPhase;
			buildActionMask = 2147483647;
			files = (
			);
			runOnlyForDeploymentPostprocessing = 0;
		};
/* End PBXFrameworksBuildPhase section */

/* Begin PBXGroup section */
		13DC0ECB1CD46BE900C6A8EC = {
			isa = PBXGroup;
			children = (
				13DC0ED61CD46BE900C6A8EC /* APIManager */,
				13DC0ED51CD46BE900C6A8EC /* Products */,
			);
			sourceTree = "<group>";
		};
		13DC0ED51CD46BE900C6A8EC /* Products */ = {
			isa = PBXGroup;
			children = (
				13DC0ED41CD46BE900C6A8EC /* APIManager.app */,
			);
			name = Products;
			sourceTree = "<group>";
		};
		13DC0ED61CD46BE900C6A8EC /* APIManager */ = {
			isa = PBXGroup;
			children = (
				13DC0ED71CD46BE900C6A8EC /* AppDelegate.swift */,
				13DC0ED91CD46BE900C6A8EC /* ViewController.swift */,
				13DC0EDB1CD46BE900C6A8EC /* Main.storyboard */,
				13DC0EDE1CD46BE900C6A8EC /* Assets.xcassets */,
				13DC0EE01CD46BE900C6A8EC /* LaunchScreen.storyboard */,
				13DC0EE31CD46BE900C6A8EC /* Info.plist */,
			);
			path = APIManager;
			sourceTree = "<group>";
		};
/* End PBXGroup section */

/* Begin PBXNativeTarget section */
		13DC0ED31CD46BE900C6A8EC /* APIManager */ = {
			isa = PBXNativeTarget;
			buildConfigurationList = 13DC0EE61CD46BE900C6A8EC /* Build configuration list for PBXNativeTarget "APIManager" */;
			buildPhases = (
				13DC0ED01CD46BE900C6A8EC /* Sources */,
				13DC0ED11CD46BE900C6A8EC /* Frameworks */,
				13DC0ED21CD46BE900C6A8EC /* Resources */,
			);
			buildRules = (
			);
			dependencies = (
			);
			name = APIManager;
			productName = APIManager;
			productReference = 13DC0ED41CD46BE900C6A8EC /* APIManager.app */;
			productType = "com.apple.product-type.application";
		};
/* End PBXNativeTarget section */

/* Begin PBXProject section */
		13DC0ECC1CD46BE900C6A8EC /* Project object */ = {
			isa = PBXProject;
			attributes = {
				LastSwiftUpdateCheck = 0720;
				LastUpgradeCheck = 0720;
				ORGANIZATIONNAME = SHEETAL;
				TargetAttributes = {
					13DC0ED31CD46BE900C6A8EC = {
						CreatedOnToolsVersion = 7.2;
					};
				};
			};
			buildConfigurationList = 13DC0ECF1CD46BE900C6A8EC /* Build configuration list for PBXProject "APIManager" */;
			compatibilityVersion = "Xcode 3.2";
			developmentRegion = English;
			hasScannedForEncodings = 0;
			knownRegions = (
				en,
				Base,
			);
			mainGroup = 13DC0ECB1CD46BE900C6A8EC;
			productRefGroup = 13DC0ED51CD46BE900C6A8EC /* Products */;
			projectDirPath = "";
			projectRoot = "";
			targets = (
				13DC0ED31CD46BE900C6A8EC /* APIManager */,
			);
		};
/* End PBXProject section */

/* Begin PBXResourcesBuildPhase section */
		13DC0ED21CD46BE900C6A8EC /* Resources */ = {
			isa = PBXResourcesBuildPhase;
			buildActionMask = 2147483647;
			files = (
				13DC0EE21CD46BE900C6A8EC /* LaunchScreen.storyboard in Resources */,
				13DC0EDF1CD46BE900C6A8EC /* Assets.xcassets in Resources */,
				13DC0EDD1CD46BE900C6A8EC /* Main.storyboard in Resources */,
			);
			runOnlyForDeploymentPostprocessing = 0;
		};
/* End PBXResourcesBuildPhase section */

/* Begin PBXSourcesBuildPhase section */
		13DC0ED01CD46BE900C6A8EC /* Sources */ = {
			isa = PBXSourcesBuildPhase;
			buildActionMask = 2147483647;
			files = (
				13DC0EDA1CD46BE900C6A8EC /* ViewController.swift in Sources */,
				13DC0ED81CD46BE900C6A8EC /* AppDelegate.swift in Sources */,
			);
			runOnlyForDeploymentPostprocessing = 0;
		};
/* End PBXSourcesBuildPhase section */

/* Begin PBXVariantGroup section */
		13DC0EDB1CD46BE900C6A8EC /* Main.storyboard */ = {
			isa = PBXVariantGroup;
			children = (
				13DC0EDC1CD46BE900C6A8EC /* Base */,
			);
			name = Main.storyboard;
			sourceTree = "<group>";
		};
		13DC0EE01CD46BE900C6A8EC /* LaunchScreen.storyboard */ = {
			isa = PBXVariantGroup;
			children = (
				13DC0EE11CD46BE900C6A8EC /* Base */,
			);
			name = LaunchScreen.storyboard;
			sourceTree = "<group>";
		};
/* End PBXVariantGroup section */

/* Begin XCBuildConfiguration section */
		13DC0EE41CD46BE900C6A8EC /* Debug */ = {
			isa = XCBuildConfiguration;
			buildSettings = {
				ALWAYS_SEARCH_USER_PATHS = NO;
				CLANG_CXX_LANGUAGE_STANDARD = "gnu++0x";
				CLANG_CXX_LIBRARY = "libc++";
				CLANG_ENABLE_MODULES = YES;
				CLANG_ENABLE_OBJC_ARC = YES;
				CLANG_WARN_BOOL_CONVERSION = YES;
				CLANG_WARN_CONSTANT_CONVERSION = YES;
				CLANG_WARN_DIRECT_OBJC_ISA_USAGE = YES_ERROR;
				CLANG_WARN_EMPTY_BODY = YES;
				CLANG_WARN_ENUM_CONVERSION = YES;
				CLANG_WARN_INT_CONVERSION = YES;
				CLANG_WARN_OBJC_ROOT_CLASS = YES_ERROR;
				CLANG_WARN_UNREACHABLE_CODE = YES;
				CLANG_WARN__DUPLICATE_METHOD_MATCH = YES;
				"CODE_SIGN_IDENTITY[sdk=iphoneos*]" = "iPhone Developer";
				COPY_PHASE_STRIP = NO;
				DEBUG_INFORMATION_FORMAT = dwarf;
				ENABLE_STRICT_OBJC_MSGSEND = YES;
				ENABLE_TESTABILITY = YES;
				GCC_C_LANGUAGE_STANDARD = gnu99;
				GCC_DYNAMIC_NO_PIC = NO;
				GCC_NO_COMMON_BLOCKS = YES;
				GCC_OPTIMIZATION_LEVEL = 0;
				GCC_PREPROCESSOR_DEFINITIONS = (
					"DEBUG=1",
					"$(inherited)",
				);
				GCC_WARN_64_TO_32_BIT_CONVERSION = YES;
				GCC_WARN_ABOUT_RETURN_TYPE = YES_ERROR;
				GCC_WARN_UNDECLARED_SELECTOR = YES;
				GCC_WARN_UNINITIALIZED_AUTOS = YES_AGGRESSIVE;
				GCC_WARN_UNUSED_FUNCTION = YES;
				GCC_WARN_UNUSED_VARIABLE = YES;
				IPHONEOS_DEPLOYMENT_TARGET = 9.2;
				MTL_ENABLE_DEBUG_INFO = YES;
				ONLY_ACTIVE_ARCH = YES;
				SDKROOT = iphoneos;
				SWIFT_OPTIMIZATION_LEVEL = "-Onone";
			};
			name = Debug;
		};
		13DC0EE51CD46BE900C6A8EC /* Release */ = {
			isa = XCBuildConfiguration;
			buildSettings = {
				ALWAYS_SEARCH_USER_PATHS = NO;
				CLANG_CXX_LANGUAGE_STANDARD = "gnu++0x";
				CLANG_CXX_LIBRARY = "libc++";
				CLANG_ENABLE_MODULES = YES;
				CLANG_ENABLE_OBJC_ARC = YES;
				CLANG_WARN_BOOL_CONVERSION = YES;
				CLANG_WARN_CONSTANT_CONVERSION = YES;
				CLANG_WARN_DIRECT_OBJC_ISA_USAGE = YES_ERROR;
				CLANG_WARN_EMPTY_BODY = YES;
				CLANG_WARN_ENUM_CONVERSION = YES;
				CLANG_WARN_INT_CONVERSION = YES;
				CLANG_WARN_OBJC_ROOT_CLASS = YES_ERROR;
				CLANG_WARN_UNREACHABLE_CODE = YES;
				CLANG_WARN__DUPLICATE_METHOD_MATCH = YES;
				"CODE_SIGN_IDENTITY[sdk=iphoneos*]" = "iPhone Developer";
				COPY_PHASE_STRIP = NO;
				DEBUG_INFORMATION_FORMAT = "dwarf-with-dsym";
				ENABLE_NS_ASSERTIONS = NO;
				ENABLE_STRICT_OBJC_MSGSEND = YES;
				GCC_C_LANGUAGE_STANDARD = gnu99;
				GCC_NO_COMMON_BLOCKS = YES;
				GCC_WARN_64_TO_32_BIT_CONVERSION = YES;
				GCC_WARN_ABOUT_RETURN_TYPE = YES_ERROR;
				GCC_WARN_UNDECLARED_SELECTOR = YES;
				GCC_WARN_UNINITIALIZED_AUTOS = YES_AGGRESSIVE;
				GCC_WARN_UNUSED_FUNCTION = YES;
				GCC_WARN_UNUSED_VARIABLE = YES;
				IPHONEOS_DEPLOYMENT_TARGET = 9.2;
				MTL_ENABLE_DEBUG_INFO = NO;
				SDKROOT = iphoneos;
				VALIDATE_PRODUCT = YES;
			};
			name = Release;
		};
		13DC0EE71CD46BE900C6A8EC /* Debug */ = {
			isa = XCBuildConfiguration;
			buildSettings = {
				ASSETCATALOG_COMPILER_APPICON_NAME = AppIcon;
				INFOPLIST_FILE = APIManager/Info.plist;
				LD_RUNPATH_SEARCH_PATHS = "$(inherited) @executable_path/Frameworks";
				PRODUCT_BUNDLE_IDENTIFIER = CGT.APIManager;
				PRODUCT_NAME = "$(TARGET_NAME)";
			};
			name = Debug;
		};
		13DC0EE81CD46BE900C6A8EC /* Release */ = {
			isa = XCBuildConfiguration;
			buildSettings = {
				ASSETCATALOG_COMPILER_APPICON_NAME = AppIcon;
				INFOPLIST_FILE = APIManager/Info.plist;
				LD_RUNPATH_SEARCH_PATHS = "$(inherited) @executable_path/Frameworks";
				PRODUCT_BUNDLE_IDENTIFIER = CGT.APIManager;
				PRODUCT_NAME = "$(TARGET_NAME)";
			};
			name = Release;
		};
/* End XCBuildConfiguration section */

/* Begin XCConfigurationList section */
		13DC0ECF1CD46BE900C6A8EC /* Build configuration list for PBXProject "APIManager" */ = {
			isa = XCConfigurationList;
			buildConfigurations = (
				13DC0EE41CD46BE900C6A8EC /* Debug */,
				13DC0EE51CD46BE900C6A8EC /* Release */,
			);
			defaultConfigurationIsVisible = 0;
			defaultConfigurationName = Release;
		};
		13DC0EE61CD46BE900C6A8EC /* Build configuration list for PBXNativeTarget "APIManager" */ = {
			isa = XCConfigurationList;
			buildConfigurations = (
				13DC0EE71CD46BE900C6A8EC /* Debug */,
				13DC0EE81CD46BE900C6A8EC /* Release */,
			);
			defaultConfigurationIsVisible = 0;
		};
/* End XCConfigurationList section */
	};
	rootObject = 13DC0ECC1CD46BE900C6A8EC /* Project object */;
}
